schema: '2.0'
stages:
  data_ingestion:
    cmd: python3 src/data_ingestion.py
    deps:
    - path: src/data_ingestion.py
      hash: md5
      md5: 05af4006a1eff71b3b4db8e79f2b329d
      size: 3468
    params:
      params.yaml:
        data_ingestion.test_size: 0.15
    outs:
    - path: data/raw
      hash: md5
      md5: 97961f893362ed56dad75426638e8648.dir
      size: 479272
      nfiles: 2
  data_preprocessing:
    cmd: python3 src/data_preprocessing.py
    deps:
    - path: data/raw
      hash: md5
      md5: 97961f893362ed56dad75426638e8648.dir
      size: 479272
      nfiles: 2
    - path: src/data_preprocessing.py
      hash: md5
      md5: 2a9232df58a21f27e302d99343de7681
      size: 4040
    outs:
    - path: data/interim
      hash: md5
      md5: 5a09c6cf2fe8256555852d2f39ac22e9.dir
      size: 253920
      nfiles: 2
  feature_engineering:
    cmd: python3 src/feature_engineering.py
    deps:
    - path: data/interim
      hash: md5
      md5: 5a09c6cf2fe8256555852d2f39ac22e9.dir
      size: 253920
      nfiles: 2
    - path: src/feature_engineering.py
      hash: md5
      md5: 55c838f8b9b24bdf96f0bf4a576fbf73
      size: 3798
    params:
      params.yaml:
        feature_engineering.max_features: 55
    outs:
    - path: data/processed
      hash: md5
      md5: 114ce5a258ad9a1b263b5679e8c28cc7.dir
      size: 1285384
      nfiles: 2
  model_building:
    cmd: python3 src/model_building.py
    deps:
    - path: data/processed
      hash: md5
      md5: 114ce5a258ad9a1b263b5679e8c28cc7.dir
      size: 1285384
      nfiles: 2
    - path: src/model_building.py
      hash: md5
      md5: 152d52b1bf6c17d368862d924be365e6
      size: 4344
    params:
      params.yaml:
        model_building.n_estimators: 50
        model_building.random_state: 2
    outs:
    - path: models/model.pkl
      hash: md5
      md5: d1d23afe4157e131d081ceb77f25ff2c
      size: 2259296
  model_evaluation:
    cmd: python3 src/model_evaluation.py
    deps:
    - path: models/model.pkl
      hash: md5
      md5: d1d23afe4157e131d081ceb77f25ff2c
      size: 2259296
    - path: src/model_evaluation.py
      hash: md5
      md5: 04c515899a9f5aba3dbb12888fd0cde7
      size: 4559
    outs:
    - path: reports/metrics.json
      hash: md5
      md5: 7c4cad90443171b699fb5e6e879b335d
      size: 140
